
Microsoft Visual Studio Solution File, Format Version 12.00
# Visual Studio Version 16
VisualStudioVersion = 16.0.28803.156
MinimumVisualStudioVersion = 10.0.40219.1
Project("{FAE04EC0-301F-11D3-BF4B-00C04F79EFBC}") = "Initialization.Net", "Initialization.Net\Initialization.Net.csproj", "{ACAB4545-CC24-48CD-96C6-CDB90F4F09FC}"
EndProject
Global
	GlobalSection(SolutionConfigurationPlatforms) = preSolution
		Debug|Any CPU = Debug|Any CPU
		Debug|x64 = Debug|x64
		Debug|x86 = Debug|x86
		Release|Any CPU = Release|Any CPU
		Release|x64 = Release|x64
		Release|x86 = Release|x86
	EndGlobalSection
	GlobalSection(ProjectConfigurationPlatforms) = postSolution
		{ACAB4545-CC24-48CD-96C6-CDB90F4F09FC}.Debug|Any CPU.ActiveCfg = Debug|Any CPU
		{ACAB4545-CC24-48CD-96C6-CDB90F4F09FC}.Debug|Any CPU.Build.0 = Debug|Any CPU
		{ACAB4545-CC24-48CD-96C6-CDB90F4F09FC}.Debug|x64.ActiveCfg = Debug|x64
		{ACAB4545-CC24-48CD-96C6-CDB90F4F09FC}.Debug|x64.Build.0 = Debug|x64
		{ACAB4545-CC24-48CD-96C6-CDB90F4F09FC}.Debug|x86.ActiveCfg = Debug|x86
		{ACAB4545-CC24-48CD-96C6-CDB90F4F09FC}.Debug|x86.Build.0 = Debug|x86
		{ACAB4545-CC24-48CD-96C6-CDB90F4F09FC}.Release|Any CPU.ActiveCfg = Release|Any CPU
		{ACAB4545-CC24-48CD-96C6-CDB90F4F09FC}.Release|Any CPU.Build.0 = Release|Any CPU
		{ACAB4545-CC24-48CD-96C6-CDB90F4F09FC}.Release|x64.ActiveCfg = Release|x64
		{ACAB4545-CC24-48CD-96C6-CDB90F4F09FC}.Release|x64.Build.0 = Release|x64
		{ACAB4545-CC24-48CD-96C6-CDB90F4F09FC}.Release|x86.ActiveCfg = Release|x86
		{ACAB4545-CC24-48CD-96C6-CDB90F4F09FC}.Release|x86.Build.0 = Release|x86
	EndGlobalSection
	GlobalSection(SolutionProperties) = preSolution
		HideSolutionNode = FALSE
	EndGlobalSection
	GlobalSection(ExtensibilityGlobals) = postSolution
		SolutionGuid = {282C87F7-6824-409B-B419-3A30222CB98B}
	EndGlobalSection
EndGlobal
