
Microsoft Visual Studio Solution File, Format Version 12.00
# Visual Studio Version 16
VisualStudioVersion = 16.0.28803.156
MinimumVisualStudioVersion = 10.0.40219.1
Project("{9A19103F-16F7-4668-BE54-9A1E7A4F7556}") = "PM1.SDK.Net", "PM1.SDK.Net\PM1.SDK.Net.csproj", "{42D5607D-6D09-40B3-BEA4-14ADBC23A28F}"
EndProject
Project("{FAE04EC0-301F-11D3-BF4B-00C04F79EFBC}") = "PM1.TestTool", "PM1.TestTool\PM1.TestTool.csproj", "{A8BE054E-36D9-47F3-B405-B0AF7EEEA8CE}"
EndProject
Global
	GlobalSection(SolutionConfigurationPlatforms) = preSolution
		Debug|Any CPU = Debug|Any CPU
		Release|Any CPU = Release|Any CPU
	EndGlobalSection
	GlobalSection(ProjectConfigurationPlatforms) = postSolution
		{42D5607D-6D09-40B3-BEA4-14ADBC23A28F}.Debug|Any CPU.ActiveCfg = Debug|Any CPU
		{42D5607D-6D09-40B3-BEA4-14ADBC23A28F}.Release|Any CPU.ActiveCfg = Release|Any CPU
		{42D5607D-6D09-40B3-BEA4-14ADBC23A28F}.Release|Any CPU.Build.0 = Release|Any CPU
		{A8BE054E-36D9-47F3-B405-B0AF7EEEA8CE}.Debug|Any CPU.ActiveCfg = Debug|x86
		{A8BE054E-36D9-47F3-B405-B0AF7EEEA8CE}.Release|Any CPU.ActiveCfg = Release|x86
	EndGlobalSection
	GlobalSection(SolutionProperties) = preSolution
		HideSolutionNode = FALSE
	EndGlobalSection
	GlobalSection(ExtensibilityGlobals) = postSolution
		SolutionGuid = {E8F81188-5043-4101-9C13-FB0A18F127EF}
	EndGlobalSection
EndGlobal
